{
  "version": 4,
  "terraform_version": "1.1.5",
  "serial": 139,
  "lineage": "33cd1fbd-6545-3d9c-efd9-97a55216f417",
  "outputs": {},
  "resources": [
    {
      "module": "module.firewall_rule_icmp_public",
      "mode": "managed",
      "type": "google_compute_firewall",
      "name": "this",
      "provider": "provider[\"registry.terraform.io/hashicorp/google\"]",
      "instances": [
        {
          "schema_version": 1,
          "attributes": {
            "allow": [
              {
                "ports": [],
                "protocol": "icmp"
              }
            ],
            "creation_timestamp": "2022-03-04T10:21:56.390-08:00",
            "deny": [],
            "description": "",
            "destination_ranges": [],
            "direction": "INGRESS",
            "disabled": false,
            "enable_logging": null,
            "id": "projects/vm-test-341412/global/firewalls/access-public-vm",
            "log_config": [],
            "name": "access-public-vm",
            "network": "https://www.googleapis.com/compute/v1/projects/vm-test-341412/global/networks/network",
            "priority": 1000,
            "project": "vm-test-341412",
            "self_link": "https://www.googleapis.com/compute/v1/projects/vm-test-341412/global/firewalls/access-public-vm",
            "source_ranges": [
              "0.0.0.0/0"
            ],
            "source_service_accounts": null,
            "source_tags": null,
            "target_service_accounts": null,
            "target_tags": [
              "bastion"
            ],
            "timeouts": null
          },
          "sensitive_attributes": [],
          "private": "eyJlMmJmYjczMC1lY2FhLTExZTYtOGY4OC0zNDM2M2JjN2M0YzAiOnsiY3JlYXRlIjoxMjAwMDAwMDAwMDAwLCJkZWxldGUiOjEyMDAwMDAwMDAwMDAsInVwZGF0ZSI6MTIwMDAwMDAwMDAwMH0sInNjaGVtYV92ZXJzaW9uIjoiMSJ9",
          "dependencies": [
            "module.network.google_compute_network.network"
          ]
        }
      ]
    },
    {
      "module": "module.firewall_rule_private_vm",
      "mode": "managed",
      "type": "google_compute_firewall",
      "name": "this",
      "provider": "provider[\"registry.terraform.io/hashicorp/google\"]",
      "instances": [
        {
          "schema_version": 1,
          "attributes": {
            "allow": [
              {
                "ports": [],
                "protocol": "icmp"
              }
            ],
            "creation_timestamp": "2022-03-04T10:21:56.545-08:00",
            "deny": [],
            "description": "",
            "destination_ranges": [],
            "direction": "INGRESS",
            "disabled": false,
            "enable_logging": null,
            "id": "projects/vm-test-341412/global/firewalls/private-vm",
            "log_config": [],
            "name": "private-vm",
            "network": "https://www.googleapis.com/compute/v1/projects/vm-test-341412/global/networks/network",
            "priority": 1000,
            "project": "vm-test-341412",
            "self_link": "https://www.googleapis.com/compute/v1/projects/vm-test-341412/global/firewalls/private-vm",
            "source_ranges": null,
            "source_service_accounts": null,
            "source_tags": [
              "bastion"
            ],
            "target_service_accounts": null,
            "target_tags": [
              "db",
              "ncu-analysis-vm",
              "ncu-vm",
              "saas-vm"
            ],
            "timeouts": null
          },
          "sensitive_attributes": [],
          "private": "eyJlMmJmYjczMC1lY2FhLTExZTYtOGY4OC0zNDM2M2JjN2M0YzAiOnsiY3JlYXRlIjoxMjAwMDAwMDAwMDAwLCJkZWxldGUiOjEyMDAwMDAwMDAwMDAsInVwZGF0ZSI6MTIwMDAwMDAwMDAwMH0sInNjaGVtYV92ZXJzaW9uIjoiMSJ9",
          "dependencies": [
            "module.network.google_compute_network.network"
          ]
        }
      ]
    },
    {
      "module": "module.firewall_rule_public_ssh_all",
      "mode": "managed",
      "type": "google_compute_firewall",
      "name": "this",
      "provider": "provider[\"registry.terraform.io/hashicorp/google\"]",
      "instances": [
        {
          "schema_version": 1,
          "attributes": {
            "allow": [
              {
                "ports": [
                  "22"
                ],
                "protocol": "tcp"
              }
            ],
            "creation_timestamp": "2022-03-04T10:21:56.411-08:00",
            "deny": [],
            "description": "",
            "destination_ranges": [],
            "direction": "INGRESS",
            "disabled": false,
            "enable_logging": null,
            "id": "projects/vm-test-341412/global/firewalls/ssh-all-public-instances",
            "log_config": [],
            "name": "ssh-all-public-instances",
            "network": "https://www.googleapis.com/compute/v1/projects/vm-test-341412/global/networks/network",
            "priority": 1000,
            "project": "vm-test-341412",
            "self_link": "https://www.googleapis.com/compute/v1/projects/vm-test-341412/global/firewalls/ssh-all-public-instances",
            "source_ranges": [
              "0.0.0.0/0"
            ],
            "source_service_accounts": null,
            "source_tags": null,
            "target_service_accounts": null,
            "target_tags": [
              "bastion"
            ],
            "timeouts": null
          },
          "sensitive_attributes": [],
          "private": "eyJlMmJmYjczMC1lY2FhLTExZTYtOGY4OC0zNDM2M2JjN2M0YzAiOnsiY3JlYXRlIjoxMjAwMDAwMDAwMDAwLCJkZWxldGUiOjEyMDAwMDAwMDAwMDAsInVwZGF0ZSI6MTIwMDAwMDAwMDAwMH0sInNjaGVtYV92ZXJzaW9uIjoiMSJ9",
          "dependencies": [
            "module.network.google_compute_network.network"
          ]
        }
      ]
    },
    {
      "module": "module.instance-groups",
      "mode": "managed",
      "type": "google_compute_region_instance_group_manager",
      "name": "this",
      "provider": "provider[\"registry.terraform.io/hashicorp/google\"]",
      "instances": [
        {
          "schema_version": 0,
          "attributes": {
            "auto_healing_policies": [],
            "base_instance_name": "web-tier",
            "description": "",
            "distribution_policy_target_shape": "EVEN",
            "distribution_policy_zones": [
              "asia-northeast3-a",
              "asia-northeast3-b"
            ],
            "fingerprint": "VOAJGwyieXY=",
            "id": "projects/vm-test-341412/regions/asia-northeast3/instanceGroupManagers/web-tier-asia-northeast3",
            "instance_group": "https://www.googleapis.com/compute/v1/projects/vm-test-341412/regions/asia-northeast3/instanceGroups/web-tier-asia-northeast3",
            "name": "web-tier-asia-northeast3",
            "named_port": [],
            "project": "vm-test-341412",
            "region": "asia-northeast3",
            "self_link": "https://www.googleapis.com/compute/v1/projects/vm-test-341412/regions/asia-northeast3/instanceGroupManagers/web-tier-asia-northeast3",
            "stateful_disk": [],
            "status": [
              {
                "is_stable": false,
                "stateful": [
                  {
                    "has_stateful_config": false,
                    "per_instance_configs": [
                      {
                        "all_effective": true
                      }
                    ]
                  }
                ],
                "version_target": [
                  {
                    "is_reached": true
                  }
                ]
              }
            ],
            "target_pools": null,
            "target_size": 2,
            "timeouts": null,
            "update_policy": [
              {
                "instance_redistribution_type": "PROACTIVE",
                "max_surge_fixed": 2,
                "max_surge_percent": 0,
                "max_unavailable_fixed": 2,
                "max_unavailable_percent": 0,
                "minimal_action": "REPLACE",
                "replacement_method": "SUBSTITUTE",
                "type": "OPPORTUNISTIC"
              }
            ],
            "version": [
              {
                "instance_template": "https://www.googleapis.com/compute/v1/projects/vm-test-341412/global/instanceTemplates/it-web-tier-asia-east120220304182219810900000001",
                "name": "",
                "target_size": []
              }
            ],
            "wait_for_instances": false,
            "wait_for_instances_status": "STABLE"
          },
          "sensitive_attributes": [],
          "private": "eyJlMmJmYjczMC1lY2FhLTExZTYtOGY4OC0zNDM2M2JjN2M0YzAiOnsiY3JlYXRlIjo5MDAwMDAwMDAwMDAsImRlbGV0ZSI6OTAwMDAwMDAwMDAwLCJ1cGRhdGUiOjkwMDAwMDAwMDAwMH19",
          "dependencies": [
            "module.instance-templates.google_compute_instance_template.this",
            "module.network.google_compute_network.network",
            "module.private_subnet.google_compute_subnetwork.subnetwork",
            "module.router-nat.google_compute_router_nat.this",
            "module.router.google_compute_router.this"
          ]
        }
      ]
    },
    {
      "module": "module.instance-templates",
      "mode": "managed",
      "type": "google_compute_instance_template",
      "name": "this",
      "provider": "provider[\"registry.terraform.io/hashicorp/google\"]",
      "instances": [
        {
          "schema_version": 1,
          "attributes": {
            "advanced_machine_features": [],
            "can_ip_forward": false,
            "confidential_instance_config": null,
            "description": "Utilizado para criar it-web-tier-asia-east1",
            "disk": [
              {
                "auto_delete": true,
                "boot": true,
                "device_name": "persistent-disk-0",
                "disk_encryption_key": [],
                "disk_name": "",
                "disk_size_gb": 0,
                "disk_type": "pd-standard",
                "interface": "SCSI",
                "labels": null,
                "mode": "READ_WRITE",
                "resource_policies": null,
                "source": "",
                "source_image": "projects/debian-cloud/global/images/family/debian-9",
                "type": "PERSISTENT"
              }
            ],
            "guest_accelerator": [],
            "id": "projects/vm-test-341412/global/instanceTemplates/it-web-tier-asia-east120220304182219810900000001",
            "instance_description": "Final Project",
            "labels": {
              "environment": "default"
            },
            "machine_type": "f1-micro",
            "metadata": null,
            "metadata_fingerprint": "46ze2kjef3I=",
            "metadata_startup_script": "#/usr/bin/env bash\nZONE=$(curl http://metadata.google.internal/computeMetadata/v1/instance/zone -H \"Metadata-Flavor: Google\")\n\nsudo apt-get update\nsudo apt-get install nginx -y\n\nsudo cat \u003c\u003cEOF \u003e /var/www/html/index.html\n\u003chtml\u003e\u003cbody\u003e\u003ch1\u003eHello from \u003cb style=\"color:blue\"\u003eWEB TIER ${ZONE}\u003c/b\u003e\u003c/h1\u003e\u003c/body\u003e\u003c/html\u003e\nEOF",
            "min_cpu_platform": "",
            "name": "it-web-tier-asia-east120220304182219810900000001",
            "name_prefix": "it-web-tier-asia-east1",
            "network_interface": [
              {
                "access_config": [],
                "alias_ip_range": [],
                "ipv6_access_config": [],
                "ipv6_access_type": "",
                "name": "nic0",
                "network": "https://www.googleapis.com/compute/v1/projects/vm-test-341412/global/networks/network",
                "network_ip": "",
                "nic_type": "",
                "queue_count": 0,
                "stack_type": "",
                "subnetwork": "https://www.googleapis.com/compute/v1/projects/vm-test-341412/regions/asia-northeast3/subnetworks/private-subnetwork",
                "subnetwork_project": "vm-test-341412"
              }
            ],
            "project": "vm-test-341412",
            "region": "asia-northeast3",
            "reservation_affinity": [],
            "scheduling": [
              {
                "automatic_restart": true,
                "min_node_cpus": 0,
                "node_affinities": [],
                "on_host_maintenance": "MIGRATE",
                "preemptible": false
              }
            ],
            "self_link": "https://www.googleapis.com/compute/v1/projects/vm-test-341412/global/instanceTemplates/it-web-tier-asia-east120220304182219810900000001",
            "service_account": [],
            "shielded_instance_config": [],
            "tags": [
              "allow-web-tier-asia-east1",
              "http-server"
            ],
            "tags_fingerprint": "",
            "timeouts": null
          },
          "sensitive_attributes": [],
          "private": "eyJlMmJmYjczMC1lY2FhLTExZTYtOGY4OC0zNDM2M2JjN2M0YzAiOnsiY3JlYXRlIjoyNDAwMDAwMDAwMDAsImRlbGV0ZSI6MjQwMDAwMDAwMDAwfSwic2NoZW1hX3ZlcnNpb24iOiIxIn0=",
          "dependencies": [
            "module.network.google_compute_network.network",
            "module.private_subnet.google_compute_subnetwork.subnetwork"
          ],
          "create_before_destroy": true
        }
      ]
    },
    {
      "module": "module.load-balancer-backend",
      "mode": "managed",
      "type": "google_compute_backend_service",
      "name": "this",
      "provider": "provider[\"registry.terraform.io/hashicorp/google\"]",
      "instances": [
        {
          "schema_version": 1,
          "attributes": {
            "affinity_cookie_ttl_sec": 0,
            "backend": [
              {
                "balancing_mode": "RATE",
                "capacity_scaler": 1,
                "description": "",
                "group": "https://www.googleapis.com/compute/v1/projects/vm-test-341412/regions/asia-northeast3/instanceGroups/web-tier-asia-northeast3",
                "max_connections": 0,
                "max_connections_per_endpoint": 0,
                "max_connections_per_instance": 0,
                "max_rate": 0,
                "max_rate_per_endpoint": 0,
                "max_rate_per_instance": 1,
                "max_utilization": 0
              }
            ],
            "cdn_policy": [],
            "circuit_breakers": [],
            "connection_draining_timeout_sec": 300,
            "consistent_hash": [],
            "creation_timestamp": "2022-03-04T10:23:38.722-08:00",
            "custom_request_headers": null,
            "custom_response_headers": null,
            "description": "",
            "enable_cdn": false,
            "fingerprint": "aNwDZ1Bym8I=",
            "health_checks": [
              "https://www.googleapis.com/compute/v1/projects/vm-test-341412/global/httpHealthChecks/hc-asia-northeast3"
            ],
            "iap": [],
            "id": "projects/vm-test-341412/global/backendServices/vm-test-341412",
            "load_balancing_scheme": "EXTERNAL",
            "locality_lb_policy": "",
            "log_config": [],
            "name": "vm-test-341412",
            "outlier_detection": [],
            "port_name": "http",
            "project": "vm-test-341412",
            "protocol": "HTTP",
            "security_policy": "",
            "security_settings": [],
            "self_link": "https://www.googleapis.com/compute/v1/projects/vm-test-341412/global/backendServices/vm-test-341412",
            "session_affinity": "NONE",
            "timeout_sec": 10,
            "timeouts": null
          },
          "sensitive_attributes": [],
          "private": "eyJlMmJmYjczMC1lY2FhLTExZTYtOGY4OC0zNDM2M2JjN2M0YzAiOnsiY3JlYXRlIjoxMjAwMDAwMDAwMDAwLCJkZWxldGUiOjEyMDAwMDAwMDAwMDAsInVwZGF0ZSI6MTIwMDAwMDAwMDAwMH0sInNjaGVtYV92ZXJzaW9uIjoiMSJ9",
          "dependencies": [
            "module.instance-groups.google_compute_region_instance_group_manager.this",
            "module.instance-templates.google_compute_instance_template.this",
            "module.load-balancer-health-check.google_compute_http_health_check.this",
            "module.network.google_compute_network.network",
            "module.private_subnet.google_compute_subnetwork.subnetwork",
            "module.router-nat.google_compute_router_nat.this",
            "module.router.google_compute_router.this"
          ]
        }
      ]
    },
    {
      "module": "module.load-balancer-external",
      "mode": "managed",
      "type": "google_compute_url_map",
      "name": "this",
      "provider": "provider[\"registry.terraform.io/hashicorp/google\"]",
      "instances": [
        {
          "schema_version": 0,
          "attributes": {
            "creation_timestamp": "2022-03-04T10:24:00.678-08:00",
            "default_route_action": [],
            "default_service": "https://www.googleapis.com/compute/v1/projects/vm-test-341412/global/backendServices/vm-test-341412",
            "default_url_redirect": [],
            "description": "vm-test-341412 Load Balancer",
            "fingerprint": "-PC_BiLY5Co=",
            "header_action": [],
            "host_rule": [
              {
                "description": "",
                "hosts": [
                  "*"
                ],
                "path_matcher": "allpaths"
              }
            ],
            "id": "projects/vm-test-341412/global/urlMaps/vm-test-341412",
            "map_id": 6051355021940877231,
            "name": "vm-test-341412",
            "path_matcher": [
              {
                "default_route_action": [],
                "default_service": "https://www.googleapis.com/compute/v1/projects/vm-test-341412/global/backendServices/vm-test-341412",
                "default_url_redirect": [],
                "description": "",
                "header_action": [],
                "name": "allpaths",
                "path_rule": [
                  {
                    "paths": [
                      "/*"
                    ],
                    "route_action": [],
                    "service": "https://www.googleapis.com/compute/v1/projects/vm-test-341412/global/backendServices/vm-test-341412",
                    "url_redirect": []
                  }
                ],
                "route_rules": []
              }
            ],
            "project": "vm-test-341412",
            "self_link": "https://www.googleapis.com/compute/v1/projects/vm-test-341412/global/urlMaps/vm-test-341412",
            "test": [],
            "timeouts": null
          },
          "sensitive_attributes": [],
          "private": "eyJlMmJmYjczMC1lY2FhLTExZTYtOGY4OC0zNDM2M2JjN2M0YzAiOnsiY3JlYXRlIjoxMjAwMDAwMDAwMDAwLCJkZWxldGUiOjEyMDAwMDAwMDAwMDAsInVwZGF0ZSI6MTIwMDAwMDAwMDAwMH19",
          "dependencies": [
            "module.instance-groups.google_compute_region_instance_group_manager.this",
            "module.instance-templates.google_compute_instance_template.this",
            "module.load-balancer-backend.google_compute_backend_service.this",
            "module.load-balancer-health-check.google_compute_http_health_check.this",
            "module.network.google_compute_network.network",
            "module.private_subnet.google_compute_subnetwork.subnetwork",
            "module.router-nat.google_compute_router_nat.this",
            "module.router.google_compute_router.this"
          ]
        }
      ]
    },
    {
      "module": "module.load-balancer-frontend",
      "mode": "managed",
      "type": "google_compute_global_forwarding_rule",
      "name": "this",
      "provider": "provider[\"registry.terraform.io/hashicorp/google\"]",
      "instances": [
        {
          "schema_version": 0,
          "attributes": {
            "description": "",
            "id": "projects/vm-test-341412/global/forwardingRules/vm-test-341412",
            "ip_address": "34.149.9.204",
            "ip_protocol": "TCP",
            "ip_version": "",
            "label_fingerprint": "42WmSpB8rSM=",
            "labels": null,
            "load_balancing_scheme": "EXTERNAL",
            "metadata_filters": [],
            "name": "vm-test-341412",
            "network": "",
            "port_range": "80",
            "project": "vm-test-341412",
            "self_link": "https://www.googleapis.com/compute/v1/projects/vm-test-341412/global/forwardingRules/vm-test-341412",
            "target": "https://www.googleapis.com/compute/v1/projects/vm-test-341412/global/targetHttpProxies/vm-test-341412",
            "timeouts": null
          },
          "sensitive_attributes": [],
          "private": "eyJlMmJmYjczMC1lY2FhLTExZTYtOGY4OC0zNDM2M2JjN2M0YzAiOnsiY3JlYXRlIjoxMjAwMDAwMDAwMDAwLCJkZWxldGUiOjEyMDAwMDAwMDAwMDAsInVwZGF0ZSI6MTIwMDAwMDAwMDAwMH19",
          "dependencies": [
            "module.instance-groups.google_compute_region_instance_group_manager.this",
            "module.instance-templates.google_compute_instance_template.this",
            "module.load-balancer-backend.google_compute_backend_service.this",
            "module.load-balancer-external.google_compute_url_map.this",
            "module.load-balancer-health-check.google_compute_http_health_check.this",
            "module.load-balancer-target-http-proxy.google_compute_target_http_proxy.this",
            "module.network.google_compute_network.network",
            "module.private_subnet.google_compute_subnetwork.subnetwork",
            "module.router-nat.google_compute_router_nat.this",
            "module.router.google_compute_router.this"
          ]
        }
      ]
    },
    {
      "module": "module.load-balancer-health-check",
      "mode": "managed",
      "type": "google_compute_http_health_check",
      "name": "this",
      "provider": "provider[\"registry.terraform.io/hashicorp/google\"]",
      "instances": [
        {
          "schema_version": 0,
          "attributes": {
            "check_interval_sec": 1,
            "creation_timestamp": "2022-03-04T10:21:44.948-08:00",
            "description": "",
            "healthy_threshold": 2,
            "host": "",
            "id": "projects/vm-test-341412/global/httpHealthChecks/hc-asia-northeast3",
            "name": "hc-asia-northeast3",
            "port": 80,
            "project": "vm-test-341412",
            "request_path": "/",
            "self_link": "https://www.googleapis.com/compute/v1/projects/vm-test-341412/global/httpHealthChecks/hc-asia-northeast3",
            "timeout_sec": 1,
            "timeouts": null,
            "unhealthy_threshold": 2
          },
          "sensitive_attributes": [],
          "private": "eyJlMmJmYjczMC1lY2FhLTExZTYtOGY4OC0zNDM2M2JjN2M0YzAiOnsiY3JlYXRlIjoxMjAwMDAwMDAwMDAwLCJkZWxldGUiOjEyMDAwMDAwMDAwMDAsInVwZGF0ZSI6MTIwMDAwMDAwMDAwMH19"
        }
      ]
    },
    {
      "module": "module.load-balancer-target-http-proxy",
      "mode": "managed",
      "type": "google_compute_target_http_proxy",
      "name": "this",
      "provider": "provider[\"registry.terraform.io/hashicorp/google\"]",
      "instances": [
        {
          "schema_version": 0,
          "attributes": {
            "creation_timestamp": "2022-03-04T10:24:11.976-08:00",
            "description": "vm-test-341412 Load Balancer",
            "id": "projects/vm-test-341412/global/targetHttpProxies/vm-test-341412",
            "name": "vm-test-341412",
            "project": "vm-test-341412",
            "proxy_bind": false,
            "proxy_id": 1808231825199327140,
            "self_link": "https://www.googleapis.com/compute/v1/projects/vm-test-341412/global/targetHttpProxies/vm-test-341412",
            "timeouts": null,
            "url_map": "https://www.googleapis.com/compute/v1/projects/vm-test-341412/global/urlMaps/vm-test-341412"
          },
          "sensitive_attributes": [],
          "private": "eyJlMmJmYjczMC1lY2FhLTExZTYtOGY4OC0zNDM2M2JjN2M0YzAiOnsiY3JlYXRlIjoxMjAwMDAwMDAwMDAwLCJkZWxldGUiOjEyMDAwMDAwMDAwMDAsInVwZGF0ZSI6MTIwMDAwMDAwMDAwMH19",
          "dependencies": [
            "module.instance-groups.google_compute_region_instance_group_manager.this",
            "module.instance-templates.google_compute_instance_template.this",
            "module.load-balancer-backend.google_compute_backend_service.this",
            "module.load-balancer-external.google_compute_url_map.this",
            "module.load-balancer-health-check.google_compute_http_health_check.this",
            "module.network.google_compute_network.network",
            "module.private_subnet.google_compute_subnetwork.subnetwork",
            "module.router-nat.google_compute_router_nat.this",
            "module.router.google_compute_router.this"
          ]
        }
      ]
    },
    {
      "module": "module.network",
      "mode": "managed",
      "type": "google_compute_network",
      "name": "network",
      "provider": "provider[\"registry.terraform.io/hashicorp/google\"]",
      "instances": [
        {
          "schema_version": 0,
          "attributes": {
            "auto_create_subnetworks": false,
            "delete_default_routes_on_create": false,
            "description": "",
            "gateway_ipv4": "",
            "id": "projects/vm-test-341412/global/networks/network",
            "mtu": 0,
            "name": "network",
            "project": "vm-test-341412",
            "routing_mode": "REGIONAL",
            "self_link": "https://www.googleapis.com/compute/v1/projects/vm-test-341412/global/networks/network",
            "timeouts": null
          },
          "sensitive_attributes": [],
          "private": "eyJlMmJmYjczMC1lY2FhLTExZTYtOGY4OC0zNDM2M2JjN2M0YzAiOnsiY3JlYXRlIjoxMjAwMDAwMDAwMDAwLCJkZWxldGUiOjEyMDAwMDAwMDAwMDAsInVwZGF0ZSI6MTIwMDAwMDAwMDAwMH19",
          "create_before_destroy": true
        }
      ]
    },
    {
      "module": "module.private_instance",
      "mode": "managed",
      "type": "google_compute_instance",
      "name": "virtual-machine",
      "provider": "provider[\"registry.terraform.io/hashicorp/google\"]",
      "instances": [
        {
          "schema_version": 6,
          "attributes": {
            "advanced_machine_features": [],
            "allow_stopping_for_update": null,
            "attached_disk": [],
            "boot_disk": [
              {
                "auto_delete": true,
                "device_name": "persistent-disk-0",
                "disk_encryption_key_raw": "",
                "disk_encryption_key_sha256": "",
                "initialize_params": [
                  {
                    "image": "https://www.googleapis.com/compute/v1/projects/ubuntu-os-cloud/global/images/ubuntu-1804-bionic-v20200317",
                    "labels": {},
                    "size": 10,
                    "type": "pd-standard"
                  }
                ],
                "kms_key_self_link": "",
                "mode": "READ_WRITE",
                "source": "https://www.googleapis.com/compute/v1/projects/vm-test-341412/zones/asia-northeast3-b/disks/saas-vm"
              }
            ],
            "can_ip_forward": false,
            "confidential_instance_config": [],
            "cpu_platform": "Intel Skylake",
            "current_status": "RUNNING",
            "deletion_protection": false,
            "description": "",
            "desired_status": null,
            "enable_display": false,
            "guest_accelerator": [],
            "hostname": "",
            "id": "projects/vm-test-341412/zones/asia-northeast3-b/instances/saas-vm",
            "instance_id": "3456016231835887155",
            "label_fingerprint": "42WmSpB8rSM=",
            "labels": null,
            "machine_type": "f1-micro",
            "metadata": {
              "Name": "private_vm"
            },
            "metadata_fingerprint": "QOsRn_vQB94=",
            "metadata_startup_script": null,
            "min_cpu_platform": "",
            "name": "saas-vm",
            "network_interface": [
              {
                "access_config": [
                  {
                    "nat_ip": "34.64.253.165",
                    "network_tier": "PREMIUM",
                    "public_ptr_domain_name": ""
                  }
                ],
                "alias_ip_range": [],
                "ipv6_access_config": [],
                "ipv6_access_type": "",
                "name": "nic0",
                "network": "https://www.googleapis.com/compute/v1/projects/vm-test-341412/global/networks/network",
                "network_ip": "10.10.20.2",
                "nic_type": "",
                "queue_count": 0,
                "stack_type": "IPV4_ONLY",
                "subnetwork": "https://www.googleapis.com/compute/v1/projects/vm-test-341412/regions/asia-northeast3/subnetworks/private-subnetwork",
                "subnetwork_project": "vm-test-341412"
              }
            ],
            "project": "vm-test-341412",
            "reservation_affinity": [],
            "resource_policies": null,
            "scheduling": [
              {
                "automatic_restart": true,
                "min_node_cpus": 0,
                "node_affinities": [],
                "on_host_maintenance": "MIGRATE",
                "preemptible": false
              }
            ],
            "scratch_disk": [],
            "self_link": "https://www.googleapis.com/compute/v1/projects/vm-test-341412/zones/asia-northeast3-b/instances/saas-vm",
            "service_account": [],
            "shielded_instance_config": [
              {
                "enable_integrity_monitoring": true,
                "enable_secure_boot": false,
                "enable_vtpm": true
              }
            ],
            "tags": [
              "saas-vm",
              "test"
            ],
            "tags_fingerprint": "bA0j5jyMY_Y=",
            "timeouts": null,
            "zone": "asia-northeast3-b"
          },
          "sensitive_attributes": [],
          "private": "eyJlMmJmYjczMC1lY2FhLTExZTYtOGY4OC0zNDM2M2JjN2M0YzAiOnsiY3JlYXRlIjoxMjAwMDAwMDAwMDAwLCJkZWxldGUiOjEyMDAwMDAwMDAwMDAsInVwZGF0ZSI6MTIwMDAwMDAwMDAwMH0sInNjaGVtYV92ZXJzaW9uIjoiNiJ9",
          "dependencies": [
            "module.network.google_compute_network.network",
            "module.private_subnet.google_compute_subnetwork.subnetwork"
          ]
        }
      ]
    },
    {
      "module": "module.private_instance2",
      "mode": "managed",
      "type": "google_compute_instance",
      "name": "virtual-machine",
      "provider": "provider[\"registry.terraform.io/hashicorp/google\"]",
      "instances": [
        {
          "schema_version": 6,
          "attributes": {
            "advanced_machine_features": [],
            "allow_stopping_for_update": null,
            "attached_disk": [],
            "boot_disk": [
              {
                "auto_delete": true,
                "device_name": "persistent-disk-0",
                "disk_encryption_key_raw": "",
                "disk_encryption_key_sha256": "",
                "initialize_params": [
                  {
                    "image": "https://www.googleapis.com/compute/v1/projects/ubuntu-os-cloud/global/images/ubuntu-1804-bionic-v20200317",
                    "labels": {},
                    "size": 10,
                    "type": "pd-standard"
                  }
                ],
                "kms_key_self_link": "",
                "mode": "READ_WRITE",
                "source": "https://www.googleapis.com/compute/v1/projects/vm-test-341412/zones/asia-northeast3-b/disks/ncu-vm"
              }
            ],
            "can_ip_forward": false,
            "confidential_instance_config": [],
            "cpu_platform": "Intel Skylake",
            "current_status": "RUNNING",
            "deletion_protection": false,
            "description": "",
            "desired_status": null,
            "enable_display": false,
            "guest_accelerator": [],
            "hostname": "",
            "id": "projects/vm-test-341412/zones/asia-northeast3-b/instances/ncu-vm",
            "instance_id": "7587979082182157875",
            "label_fingerprint": "42WmSpB8rSM=",
            "labels": null,
            "machine_type": "f1-micro",
            "metadata": {
              "Name": "private_vm"
            },
            "metadata_fingerprint": "QOsRn_vQB94=",
            "metadata_startup_script": null,
            "min_cpu_platform": "",
            "name": "ncu-vm",
            "network_interface": [
              {
                "access_config": [
                  {
                    "nat_ip": "34.64.208.100",
                    "network_tier": "PREMIUM",
                    "public_ptr_domain_name": ""
                  }
                ],
                "alias_ip_range": [],
                "ipv6_access_config": [],
                "ipv6_access_type": "",
                "name": "nic0",
                "network": "https://www.googleapis.com/compute/v1/projects/vm-test-341412/global/networks/network",
                "network_ip": "10.10.20.3",
                "nic_type": "",
                "queue_count": 0,
                "stack_type": "IPV4_ONLY",
                "subnetwork": "https://www.googleapis.com/compute/v1/projects/vm-test-341412/regions/asia-northeast3/subnetworks/private-subnetwork",
                "subnetwork_project": "vm-test-341412"
              }
            ],
            "project": "vm-test-341412",
            "reservation_affinity": [],
            "resource_policies": null,
            "scheduling": [
              {
                "automatic_restart": true,
                "min_node_cpus": 0,
                "node_affinities": [],
                "on_host_maintenance": "MIGRATE",
                "preemptible": false
              }
            ],
            "scratch_disk": [],
            "self_link": "https://www.googleapis.com/compute/v1/projects/vm-test-341412/zones/asia-northeast3-b/instances/ncu-vm",
            "service_account": [],
            "shielded_instance_config": [
              {
                "enable_integrity_monitoring": true,
                "enable_secure_boot": false,
                "enable_vtpm": true
              }
            ],
            "tags": [
              "ncu-vm",
              "test"
            ],
            "tags_fingerprint": "BJ3F37LmtL0=",
            "timeouts": null,
            "zone": "asia-northeast3-b"
          },
          "sensitive_attributes": [],
          "private": "eyJlMmJmYjczMC1lY2FhLTExZTYtOGY4OC0zNDM2M2JjN2M0YzAiOnsiY3JlYXRlIjoxMjAwMDAwMDAwMDAwLCJkZWxldGUiOjEyMDAwMDAwMDAwMDAsInVwZGF0ZSI6MTIwMDAwMDAwMDAwMH0sInNjaGVtYV92ZXJzaW9uIjoiNiJ9",
          "dependencies": [
            "module.network.google_compute_network.network",
            "module.private_subnet.google_compute_subnetwork.subnetwork"
          ]
        }
      ]
    },
    {
      "module": "module.private_instance3",
      "mode": "managed",
      "type": "google_compute_instance",
      "name": "virtual-machine",
      "provider": "provider[\"registry.terraform.io/hashicorp/google\"]",
      "instances": [
        {
          "schema_version": 6,
          "attributes": {
            "advanced_machine_features": [],
            "allow_stopping_for_update": null,
            "attached_disk": [],
            "boot_disk": [
              {
                "auto_delete": true,
                "device_name": "persistent-disk-0",
                "disk_encryption_key_raw": "",
                "disk_encryption_key_sha256": "",
                "initialize_params": [
                  {
                    "image": "https://www.googleapis.com/compute/v1/projects/ubuntu-os-cloud/global/images/ubuntu-1804-bionic-v20200317",
                    "labels": {},
                    "size": 10,
                    "type": "pd-standard"
                  }
                ],
                "kms_key_self_link": "",
                "mode": "READ_WRITE",
                "source": "https://www.googleapis.com/compute/v1/projects/vm-test-341412/zones/asia-northeast3-b/disks/ncu-analysis-vm"
              }
            ],
            "can_ip_forward": false,
            "confidential_instance_config": [],
            "cpu_platform": "Intel Skylake",
            "current_status": "RUNNING",
            "deletion_protection": false,
            "description": "",
            "desired_status": null,
            "enable_display": false,
            "guest_accelerator": [],
            "hostname": "",
            "id": "projects/vm-test-341412/zones/asia-northeast3-b/instances/ncu-analysis-vm",
            "instance_id": "6915360652140734003",
            "label_fingerprint": "42WmSpB8rSM=",
            "labels": null,
            "machine_type": "f1-micro",
            "metadata": {
              "Name": "private_vm"
            },
            "metadata_fingerprint": "QOsRn_vQB94=",
            "metadata_startup_script": null,
            "min_cpu_platform": "",
            "name": "ncu-analysis-vm",
            "network_interface": [
              {
                "access_config": [
                  {
                    "nat_ip": "34.64.90.207",
                    "network_tier": "PREMIUM",
                    "public_ptr_domain_name": ""
                  }
                ],
                "alias_ip_range": [],
                "ipv6_access_config": [],
                "ipv6_access_type": "",
                "name": "nic0",
                "network": "https://www.googleapis.com/compute/v1/projects/vm-test-341412/global/networks/network",
                "network_ip": "10.10.20.4",
                "nic_type": "",
                "queue_count": 0,
                "stack_type": "IPV4_ONLY",
                "subnetwork": "https://www.googleapis.com/compute/v1/projects/vm-test-341412/regions/asia-northeast3/subnetworks/private-subnetwork",
                "subnetwork_project": "vm-test-341412"
              }
            ],
            "project": "vm-test-341412",
            "reservation_affinity": [],
            "resource_policies": null,
            "scheduling": [
              {
                "automatic_restart": true,
                "min_node_cpus": 0,
                "node_affinities": [],
                "on_host_maintenance": "MIGRATE",
                "preemptible": false
              }
            ],
            "scratch_disk": [],
            "self_link": "https://www.googleapis.com/compute/v1/projects/vm-test-341412/zones/asia-northeast3-b/instances/ncu-analysis-vm",
            "service_account": [],
            "shielded_instance_config": [
              {
                "enable_integrity_monitoring": true,
                "enable_secure_boot": false,
                "enable_vtpm": true
              }
            ],
            "tags": [
              "ncu-analysis-vm",
              "test"
            ],
            "tags_fingerprint": "lkMTQvkxYJk=",
            "timeouts": null,
            "zone": "asia-northeast3-b"
          },
          "sensitive_attributes": [],
          "private": "eyJlMmJmYjczMC1lY2FhLTExZTYtOGY4OC0zNDM2M2JjN2M0YzAiOnsiY3JlYXRlIjoxMjAwMDAwMDAwMDAwLCJkZWxldGUiOjEyMDAwMDAwMDAwMDAsInVwZGF0ZSI6MTIwMDAwMDAwMDAwMH0sInNjaGVtYV92ZXJzaW9uIjoiNiJ9",
          "dependencies": [
            "module.network.google_compute_network.network",
            "module.private_subnet.google_compute_subnetwork.subnetwork"
          ]
        }
      ]
    },
    {
      "module": "module.private_subnet",
      "mode": "managed",
      "type": "google_compute_subnetwork",
      "name": "subnetwork",
      "provider": "provider[\"registry.terraform.io/hashicorp/google\"]",
      "instances": [
        {
          "schema_version": 0,
          "attributes": {
            "creation_timestamp": "2022-03-04T10:21:57.605-08:00",
            "description": "",
            "external_ipv6_prefix": "",
            "fingerprint": null,
            "gateway_address": "10.10.20.1",
            "id": "projects/vm-test-341412/regions/asia-northeast3/subnetworks/private-subnetwork",
            "ip_cidr_range": "10.10.20.0/24",
            "ipv6_access_type": "",
            "ipv6_cidr_range": "",
            "log_config": [],
            "name": "private-subnetwork",
            "network": "https://www.googleapis.com/compute/v1/projects/vm-test-341412/global/networks/network",
            "private_ip_google_access": false,
            "private_ipv6_google_access": "DISABLE_GOOGLE_ACCESS",
            "project": "vm-test-341412",
            "purpose": "PRIVATE",
            "region": "asia-northeast3",
            "role": "",
            "secondary_ip_range": [],
            "self_link": "https://www.googleapis.com/compute/v1/projects/vm-test-341412/regions/asia-northeast3/subnetworks/private-subnetwork",
            "stack_type": "IPV4_ONLY",
            "timeouts": null
          },
          "sensitive_attributes": [],
          "private": "eyJlMmJmYjczMC1lY2FhLTExZTYtOGY4OC0zNDM2M2JjN2M0YzAiOnsiY3JlYXRlIjoxMjAwMDAwMDAwMDAwLCJkZWxldGUiOjEyMDAwMDAwMDAwMDAsInVwZGF0ZSI6MTIwMDAwMDAwMDAwMH19",
          "dependencies": [
            "module.network.google_compute_network.network"
          ],
          "create_before_destroy": true
        }
      ]
    },
    {
      "module": "module.private_subnet2",
      "mode": "managed",
      "type": "google_compute_subnetwork",
      "name": "subnetwork",
      "provider": "provider[\"registry.terraform.io/hashicorp/google\"]",
      "instances": [
        {
          "schema_version": 0,
          "attributes": {
            "creation_timestamp": "2022-03-04T10:21:57.271-08:00",
            "description": "",
            "external_ipv6_prefix": "",
            "fingerprint": null,
            "gateway_address": "10.10.30.1",
            "id": "projects/vm-test-341412/regions/asia-northeast3/subnetworks/private-subnetwork2",
            "ip_cidr_range": "10.10.30.0/24",
            "ipv6_access_type": "",
            "ipv6_cidr_range": "",
            "log_config": [],
            "name": "private-subnetwork2",
            "network": "https://www.googleapis.com/compute/v1/projects/vm-test-341412/global/networks/network",
            "private_ip_google_access": false,
            "private_ipv6_google_access": "DISABLE_GOOGLE_ACCESS",
            "project": "vm-test-341412",
            "purpose": "PRIVATE",
            "region": "asia-northeast3",
            "role": "",
            "secondary_ip_range": [],
            "self_link": "https://www.googleapis.com/compute/v1/projects/vm-test-341412/regions/asia-northeast3/subnetworks/private-subnetwork2",
            "stack_type": "IPV4_ONLY",
            "timeouts": null
          },
          "sensitive_attributes": [],
          "private": "eyJlMmJmYjczMC1lY2FhLTExZTYtOGY4OC0zNDM2M2JjN2M0YzAiOnsiY3JlYXRlIjoxMjAwMDAwMDAwMDAwLCJkZWxldGUiOjEyMDAwMDAwMDAwMDAsInVwZGF0ZSI6MTIwMDAwMDAwMDAwMH19",
          "dependencies": [
            "module.network.google_compute_network.network"
          ]
        }
      ]
    },
    {
      "module": "module.private_vm_db",
      "mode": "managed",
      "type": "google_compute_instance",
      "name": "virtual-machine",
      "provider": "provider[\"registry.terraform.io/hashicorp/google\"]",
      "instances": [
        {
          "schema_version": 6,
          "attributes": {
            "advanced_machine_features": [],
            "allow_stopping_for_update": null,
            "attached_disk": [],
            "boot_disk": [
              {
                "auto_delete": true,
                "device_name": "persistent-disk-0",
                "disk_encryption_key_raw": "",
                "disk_encryption_key_sha256": "",
                "initialize_params": [
                  {
                    "image": "https://www.googleapis.com/compute/v1/projects/ubuntu-os-cloud/global/images/ubuntu-1804-bionic-v20200317",
                    "labels": {},
                    "size": 10,
                    "type": "pd-standard"
                  }
                ],
                "kms_key_self_link": "",
                "mode": "READ_WRITE",
                "source": "https://www.googleapis.com/compute/v1/projects/vm-test-341412/zones/asia-northeast3-c/disks/db"
              }
            ],
            "can_ip_forward": false,
            "confidential_instance_config": [],
            "cpu_platform": "Intel Skylake",
            "current_status": "RUNNING",
            "deletion_protection": false,
            "description": "",
            "desired_status": null,
            "enable_display": false,
            "guest_accelerator": [],
            "hostname": "",
            "id": "projects/vm-test-341412/zones/asia-northeast3-c/instances/db",
            "instance_id": "5559573694521534003",
            "label_fingerprint": "42WmSpB8rSM=",
            "labels": null,
            "machine_type": "f1-micro",
            "metadata": {
              "Name": "private_vm"
            },
            "metadata_fingerprint": "QOsRn_vQB94=",
            "metadata_startup_script": null,
            "min_cpu_platform": "",
            "name": "db",
            "network_interface": [
              {
                "access_config": [
                  {
                    "nat_ip": "34.64.234.221",
                    "network_tier": "PREMIUM",
                    "public_ptr_domain_name": ""
                  }
                ],
                "alias_ip_range": [],
                "ipv6_access_config": [],
                "ipv6_access_type": "",
                "name": "nic0",
                "network": "https://www.googleapis.com/compute/v1/projects/vm-test-341412/global/networks/network",
                "network_ip": "10.10.30.2",
                "nic_type": "",
                "queue_count": 0,
                "stack_type": "IPV4_ONLY",
                "subnetwork": "https://www.googleapis.com/compute/v1/projects/vm-test-341412/regions/asia-northeast3/subnetworks/private-subnetwork2",
                "subnetwork_project": "vm-test-341412"
              }
            ],
            "project": "vm-test-341412",
            "reservation_affinity": [],
            "resource_policies": null,
            "scheduling": [
              {
                "automatic_restart": true,
                "min_node_cpus": 0,
                "node_affinities": [],
                "on_host_maintenance": "MIGRATE",
                "preemptible": false
              }
            ],
            "scratch_disk": [],
            "self_link": "https://www.googleapis.com/compute/v1/projects/vm-test-341412/zones/asia-northeast3-c/instances/db",
            "service_account": [],
            "shielded_instance_config": [
              {
                "enable_integrity_monitoring": true,
                "enable_secure_boot": false,
                "enable_vtpm": true
              }
            ],
            "tags": [
              "db",
              "test"
            ],
            "tags_fingerprint": "abs9xlDradU=",
            "timeouts": null,
            "zone": "asia-northeast3-c"
          },
          "sensitive_attributes": [],
          "private": "eyJlMmJmYjczMC1lY2FhLTExZTYtOGY4OC0zNDM2M2JjN2M0YzAiOnsiY3JlYXRlIjoxMjAwMDAwMDAwMDAwLCJkZWxldGUiOjEyMDAwMDAwMDAwMDAsInVwZGF0ZSI6MTIwMDAwMDAwMDAwMH0sInNjaGVtYV92ZXJzaW9uIjoiNiJ9",
          "dependencies": [
            "module.network.google_compute_network.network",
            "module.private_subnet2.google_compute_subnetwork.subnetwork"
          ]
        }
      ]
    },
    {
      "module": "module.public_instance",
      "mode": "managed",
      "type": "google_compute_instance",
      "name": "virtual-machine",
      "provider": "provider[\"registry.terraform.io/hashicorp/google\"]",
      "instances": [
        {
          "schema_version": 6,
          "attributes": {
            "advanced_machine_features": [],
            "allow_stopping_for_update": null,
            "attached_disk": [],
            "boot_disk": [
              {
                "auto_delete": true,
                "device_name": "persistent-disk-0",
                "disk_encryption_key_raw": "",
                "disk_encryption_key_sha256": "",
                "initialize_params": [
                  {
                    "image": "https://www.googleapis.com/compute/v1/projects/ubuntu-os-cloud/global/images/ubuntu-1804-bionic-v20200317",
                    "labels": {},
                    "size": 10,
                    "type": "pd-standard"
                  }
                ],
                "kms_key_self_link": "",
                "mode": "READ_WRITE",
                "source": "https://www.googleapis.com/compute/v1/projects/vm-test-341412/zones/asia-northeast3-a/disks/bastion"
              }
            ],
            "can_ip_forward": false,
            "confidential_instance_config": [],
            "cpu_platform": "Intel Skylake",
            "current_status": "RUNNING",
            "deletion_protection": false,
            "description": "",
            "desired_status": null,
            "enable_display": false,
            "guest_accelerator": [],
            "hostname": "",
            "id": "projects/vm-test-341412/zones/asia-northeast3-a/instances/bastion",
            "instance_id": "1828545684774577715",
            "label_fingerprint": "42WmSpB8rSM=",
            "labels": null,
            "machine_type": "f1-micro",
            "metadata": {
              "Name": "public_vm"
            },
            "metadata_fingerprint": "vYZ97Wpvj0Y=",
            "metadata_startup_script": null,
            "min_cpu_platform": "",
            "name": "bastion",
            "network_interface": [
              {
                "access_config": [
                  {
                    "nat_ip": "34.64.209.27",
                    "network_tier": "PREMIUM",
                    "public_ptr_domain_name": ""
                  }
                ],
                "alias_ip_range": [],
                "ipv6_access_config": [],
                "ipv6_access_type": "",
                "name": "nic0",
                "network": "https://www.googleapis.com/compute/v1/projects/vm-test-341412/global/networks/network",
                "network_ip": "10.10.10.2",
                "nic_type": "",
                "queue_count": 0,
                "stack_type": "IPV4_ONLY",
                "subnetwork": "https://www.googleapis.com/compute/v1/projects/vm-test-341412/regions/asia-northeast3/subnetworks/public-subnetwork",
                "subnetwork_project": "vm-test-341412"
              }
            ],
            "project": "vm-test-341412",
            "reservation_affinity": [],
            "resource_policies": null,
            "scheduling": [
              {
                "automatic_restart": true,
                "min_node_cpus": 0,
                "node_affinities": [],
                "on_host_maintenance": "MIGRATE",
                "preemptible": false
              }
            ],
            "scratch_disk": [],
            "self_link": "https://www.googleapis.com/compute/v1/projects/vm-test-341412/zones/asia-northeast3-a/instances/bastion",
            "service_account": [],
            "shielded_instance_config": [
              {
                "enable_integrity_monitoring": true,
                "enable_secure_boot": false,
                "enable_vtpm": true
              }
            ],
            "tags": [
              "bastion",
              "test"
            ],
            "tags_fingerprint": "tzmRnCzEjMg=",
            "timeouts": null,
            "zone": "asia-northeast3-a"
          },
          "sensitive_attributes": [],
          "private": "eyJlMmJmYjczMC1lY2FhLTExZTYtOGY4OC0zNDM2M2JjN2M0YzAiOnsiY3JlYXRlIjoxMjAwMDAwMDAwMDAwLCJkZWxldGUiOjEyMDAwMDAwMDAwMDAsInVwZGF0ZSI6MTIwMDAwMDAwMDAwMH0sInNjaGVtYV92ZXJzaW9uIjoiNiJ9",
          "dependencies": [
            "module.network.google_compute_network.network",
            "module.public_subnet.google_compute_subnetwork.subnetwork"
          ]
        }
      ]
    },
    {
      "module": "module.public_subnet",
      "mode": "managed",
      "type": "google_compute_subnetwork",
      "name": "subnetwork",
      "provider": "provider[\"registry.terraform.io/hashicorp/google\"]",
      "instances": [
        {
          "schema_version": 0,
          "attributes": {
            "creation_timestamp": "2022-03-04T10:21:57.102-08:00",
            "description": "",
            "external_ipv6_prefix": "",
            "fingerprint": null,
            "gateway_address": "10.10.10.1",
            "id": "projects/vm-test-341412/regions/asia-northeast3/subnetworks/public-subnetwork",
            "ip_cidr_range": "10.10.10.0/24",
            "ipv6_access_type": "",
            "ipv6_cidr_range": "",
            "log_config": [],
            "name": "public-subnetwork",
            "network": "https://www.googleapis.com/compute/v1/projects/vm-test-341412/global/networks/network",
            "private_ip_google_access": false,
            "private_ipv6_google_access": "DISABLE_GOOGLE_ACCESS",
            "project": "vm-test-341412",
            "purpose": "PRIVATE",
            "region": "asia-northeast3",
            "role": "",
            "secondary_ip_range": [],
            "self_link": "https://www.googleapis.com/compute/v1/projects/vm-test-341412/regions/asia-northeast3/subnetworks/public-subnetwork",
            "stack_type": "IPV4_ONLY",
            "timeouts": null
          },
          "sensitive_attributes": [],
          "private": "eyJlMmJmYjczMC1lY2FhLTExZTYtOGY4OC0zNDM2M2JjN2M0YzAiOnsiY3JlYXRlIjoxMjAwMDAwMDAwMDAwLCJkZWxldGUiOjEyMDAwMDAwMDAwMDAsInVwZGF0ZSI6MTIwMDAwMDAwMDAwMH19",
          "dependencies": [
            "module.network.google_compute_network.network"
          ]
        }
      ]
    },
    {
      "module": "module.router",
      "mode": "managed",
      "type": "google_compute_router",
      "name": "this",
      "provider": "provider[\"registry.terraform.io/hashicorp/google\"]",
      "instances": [
        {
          "schema_version": 0,
          "attributes": {
            "bgp": [
              {
                "advertise_mode": "DEFAULT",
                "advertised_groups": null,
                "advertised_ip_ranges": [],
                "asn": 64514
              }
            ],
            "creation_timestamp": "2022-03-04T10:22:19.864-08:00",
            "description": "",
            "encrypted_interconnect_router": false,
            "id": "projects/vm-test-341412/regions/asia-northeast3/routers/router-asia-northeast3",
            "name": "router-asia-northeast3",
            "network": "https://www.googleapis.com/compute/v1/projects/vm-test-341412/global/networks/network",
            "project": "vm-test-341412",
            "region": "asia-northeast3",
            "self_link": "https://www.googleapis.com/compute/v1/projects/vm-test-341412/regions/asia-northeast3/routers/router-asia-northeast3",
            "timeouts": null
          },
          "sensitive_attributes": [],
          "private": "eyJlMmJmYjczMC1lY2FhLTExZTYtOGY4OC0zNDM2M2JjN2M0YzAiOnsiY3JlYXRlIjoxMjAwMDAwMDAwMDAwLCJkZWxldGUiOjEyMDAwMDAwMDAwMDAsInVwZGF0ZSI6MTIwMDAwMDAwMDAwMH19",
          "dependencies": [
            "module.network.google_compute_network.network",
            "module.private_subnet.google_compute_subnetwork.subnetwork"
          ]
        }
      ]
    },
    {
      "module": "module.router-nat",
      "mode": "managed",
      "type": "google_compute_router_nat",
      "name": "this",
      "provider": "provider[\"registry.terraform.io/hashicorp/google\"]",
      "instances": [
        {
          "schema_version": 0,
          "attributes": {
            "drain_nat_ips": null,
            "enable_endpoint_independent_mapping": true,
            "icmp_idle_timeout_sec": 30,
            "id": "vm-test-341412/asia-northeast3/router-asia-northeast3/router-nat-asia-northeast3",
            "log_config": [
              {
                "enable": false,
                "filter": "ERRORS_ONLY"
              }
            ],
            "min_ports_per_vm": 0,
            "name": "router-nat-asia-northeast3",
            "nat_ip_allocate_option": "AUTO_ONLY",
            "nat_ips": null,
            "project": "vm-test-341412",
            "region": "asia-northeast3",
            "router": "router-asia-northeast3",
            "source_subnetwork_ip_ranges_to_nat": "ALL_SUBNETWORKS_ALL_IP_RANGES",
            "subnetwork": [],
            "tcp_established_idle_timeout_sec": 1200,
            "tcp_transitory_idle_timeout_sec": 30,
            "timeouts": null,
            "udp_idle_timeout_sec": 30
          },
          "sensitive_attributes": [],
          "private": "eyJlMmJmYjczMC1lY2FhLTExZTYtOGY4OC0zNDM2M2JjN2M0YzAiOnsiY3JlYXRlIjoxMjAwMDAwMDAwMDAwLCJkZWxldGUiOjEyMDAwMDAwMDAwMDAsInVwZGF0ZSI6MTIwMDAwMDAwMDAwMH19",
          "dependencies": [
            "module.network.google_compute_network.network",
            "module.private_subnet.google_compute_subnetwork.subnetwork",
            "module.router.google_compute_router.this"
          ]
        }
      ]
    }
  ]
}
